Microsoft Visual Studio Solution File, Format Version 12.00
# Visual Studio 15
VisualStudioVersion = 15.0.27130.2024
MinimumVisualStudioVersion = 15.0.26124.0
Project("{9A19103F-16F7-4668-BE54-9A1E7A4F7556}") = "VeldridRayCast", "VeldridRayCast\VeldridRayCast.csproj", "{D54ACF22-B84E-48A9-9254-E9A1324B30E2}"
EndProject
Project("{FAE04EC0-301F-11D3-BF4B-00C04F79EFBC}") = "Physics", "Physics\Physics.csproj", "{5C00F633-8DD9-4274-8443-91275DC12C36}"
EndProject
Global
	GlobalSection(SolutionConfigurationPlatforms) = preSolution
		Debug|Any CPU = Debug|Any CPU
		Debug|x64 = Debug|x64
		Debug|x86 = Debug|x86
		Release|Any CPU = Release|Any CPU
		Release|x64 = Release|x64
		Release|x86 = Release|x86
	EndGlobalSection
	GlobalSection(ProjectConfigurationPlatforms) = postSolution
		{D54ACF22-B84E-48A9-9254-E9A1324B30E2}.Debug|Any CPU.ActiveCfg = Debug|Any CPU
		{D54ACF22-B84E-48A9-9254-E9A1324B30E2}.Debug|Any CPU.Build.0 = Debug|Any CPU
		{D54ACF22-B84E-48A9-9254-E9A1324B30E2}.Debug|x64.ActiveCfg = Debug|Any CPU
		{D54ACF22-B84E-48A9-9254-E9A1324B30E2}.Debug|x64.Build.0 = Debug|Any CPU
		{D54ACF22-B84E-48A9-9254-E9A1324B30E2}.Debug|x86.ActiveCfg = Debug|Any CPU
		{D54ACF22-B84E-48A9-9254-E9A1324B30E2}.Debug|x86.Build.0 = Debug|Any CPU
		{D54ACF22-B84E-48A9-9254-E9A1324B30E2}.Release|Any CPU.ActiveCfg = Release|Any CPU
		{D54ACF22-B84E-48A9-9254-E9A1324B30E2}.Release|Any CPU.Build.0 = Release|Any CPU
		{D54ACF22-B84E-48A9-9254-E9A1324B30E2}.Release|x64.ActiveCfg = Release|Any CPU
		{D54ACF22-B84E-48A9-9254-E9A1324B30E2}.Release|x64.Build.0 = Release|Any CPU
		{D54ACF22-B84E-48A9-9254-E9A1324B30E2}.Release|x86.ActiveCfg = Release|Any CPU
		{D54ACF22-B84E-48A9-9254-E9A1324B30E2}.Release|x86.Build.0 = Release|Any CPU
		{5C00F633-8DD9-4274-8443-91275DC12C36}.Debug|Any CPU.ActiveCfg = Debug|Any CPU
		{5C00F633-8DD9-4274-8443-91275DC12C36}.Debug|Any CPU.Build.0 = Debug|Any CPU
		{5C00F633-8DD9-4274-8443-91275DC12C36}.Debug|x64.ActiveCfg = Debug|Any CPU
		{5C00F633-8DD9-4274-8443-91275DC12C36}.Debug|x64.Build.0 = Debug|Any CPU
		{5C00F633-8DD9-4274-8443-91275DC12C36}.Debug|x86.ActiveCfg = Debug|Any CPU
		{5C00F633-8DD9-4274-8443-91275DC12C36}.Debug|x86.Build.0 = Debug|Any CPU
		{5C00F633-8DD9-4274-8443-91275DC12C36}.Release|Any CPU.ActiveCfg = Release|Any CPU
		{5C00F633-8DD9-4274-8443-91275DC12C36}.Release|Any CPU.Build.0 = Release|Any CPU
		{5C00F633-8DD9-4274-8443-91275DC12C36}.Release|x64.ActiveCfg = Release|Any CPU
		{5C00F633-8DD9-4274-8443-91275DC12C36}.Release|x64.Build.0 = Release|Any CPU
		{5C00F633-8DD9-4274-8443-91275DC12C36}.Release|x86.ActiveCfg = Release|Any CPU
		{5C00F633-8DD9-4274-8443-91275DC12C36}.Release|x86.Build.0 = Release|Any CPU
	EndGlobalSection
	GlobalSection(SolutionProperties) = preSolution
		HideSolutionNode = FALSE
	EndGlobalSection
	GlobalSection(ExtensibilityGlobals) = postSolution
		SolutionGuid = {BE98B14A-3306-430E-A84E-DF44DB617EAC}
	EndGlobalSection
EndGlobal
